// !$*UTF8*$!
{
	archiveVersion = 1;
	classes = {
	};
	objectVersion = 46;
	objects = {

/* Begin PBXBuildFile section */
		95DADB4C1BD83EE300419AC8 /* ADScreenCapture.swift in Sources */ = {isa = PBXBuildFile; fileRef = 95DADB2A1BD83EE300419AC8 /* ADScreenCapture.swift */; settings = {ASSET_TAGS = (); }; };
		95DADB4D1BD83EE300419AC8 /* _FBTweakArrayViewController.m in Sources */ = {isa = PBXBuildFile; fileRef = 95DADB2D1BD83EE300419AC8 /* _FBTweakArrayViewController.m */; settings = {ASSET_TAGS = (); }; };
		95DADB4E1BD83EE300419AC8 /* _FBTweakBindObserver.m in Sources */ = {isa = PBXBuildFile; fileRef = 95DADB2F1BD83EE300419AC8 /* _FBTweakBindObserver.m */; settings = {ASSET_TAGS = (); }; };
		95DADB4F1BD83EE300419AC8 /* _FBTweakCategoryViewController.m in Sources */ = {isa = PBXBuildFile; fileRef = 95DADB311BD83EE300419AC8 /* _FBTweakCategoryViewController.m */; settings = {ASSET_TAGS = (); }; };
		95DADB501BD83EE300419AC8 /* _FBTweakCollectionViewController.m in Sources */ = {isa = PBXBuildFile; fileRef = 95DADB331BD83EE300419AC8 /* _FBTweakCollectionViewController.m */; settings = {ASSET_TAGS = (); }; };
		95DADB511BD83EE300419AC8 /* _FBTweakDictionaryViewController.m in Sources */ = {isa = PBXBuildFile; fileRef = 95DADB351BD83EE300419AC8 /* _FBTweakDictionaryViewController.m */; settings = {ASSET_TAGS = (); }; };
		95DADB521BD83EE300419AC8 /* _FBTweakTableViewCell.m in Sources */ = {isa = PBXBuildFile; fileRef = 95DADB371BD83EE300419AC8 /* _FBTweakTableViewCell.m */; settings = {ASSET_TAGS = (); }; };
		95DADB531BD83EE300419AC8 /* FBTweak.m in Sources */ = {isa = PBXBuildFile; fileRef = 95DADB3A1BD83EE300419AC8 /* FBTweak.m */; settings = {ASSET_TAGS = (); }; };
		95DADB541BD83EE300419AC8 /* FBTweakCategory.m in Sources */ = {isa = PBXBuildFile; fileRef = 95DADB3C1BD83EE300419AC8 /* FBTweakCategory.m */; settings = {ASSET_TAGS = (); }; };
		95DADB551BD83EE300419AC8 /* FBTweakCollection.m in Sources */ = {isa = PBXBuildFile; fileRef = 95DADB3E1BD83EE300419AC8 /* FBTweakCollection.m */; settings = {ASSET_TAGS = (); }; };
		95DADB561BD83EE300419AC8 /* FBTweakInline.m in Sources */ = {isa = PBXBuildFile; fileRef = 95DADB411BD83EE300419AC8 /* FBTweakInline.m */; settings = {ASSET_TAGS = (); }; };
		95DADB571BD83EE300419AC8 /* FBTweakShakeWindow.m in Sources */ = {isa = PBXBuildFile; fileRef = 95DADB441BD83EE300419AC8 /* FBTweakShakeWindow.m */; settings = {ASSET_TAGS = (); }; };
		95DADB581BD83EE300419AC8 /* FBTweakStore.m in Sources */ = {isa = PBXBuildFile; fileRef = 95DADB461BD83EE300419AC8 /* FBTweakStore.m */; settings = {ASSET_TAGS = (); }; };
		95DADB591BD83EE300419AC8 /* FBTweakViewController.m in Sources */ = {isa = PBXBuildFile; fileRef = 95DADB481BD83EE300419AC8 /* FBTweakViewController.m */; settings = {ASSET_TAGS = (); }; };
		95DADB5A1BD83EE300419AC8 /* SubmitBugViewController.swift in Sources */ = {isa = PBXBuildFile; fileRef = 95DADB491BD83EE300419AC8 /* SubmitBugViewController.swift */; settings = {ASSET_TAGS = (); }; };
		95DADB5B1BD83EE300419AC8 /* Tools.swift in Sources */ = {isa = PBXBuildFile; fileRef = 95DADB4A1BD83EE300419AC8 /* Tools.swift */; settings = {ASSET_TAGS = (); }; };
		95DADB5C1BD83EE300419AC8 /* Tweaks.swift in Sources */ = {isa = PBXBuildFile; fileRef = 95DADB4B1BD83EE300419AC8 /* Tweaks.swift */; settings = {ASSET_TAGS = (); }; };
		95F80F261BC0FEA500C0FB43 /* AppDelegate.swift in Sources */ = {isa = PBXBuildFile; fileRef = 95F80F251BC0FEA500C0FB43 /* AppDelegate.swift */; };
		95F80F281BC0FEA500C0FB43 /* ViewController.swift in Sources */ = {isa = PBXBuildFile; fileRef = 95F80F271BC0FEA500C0FB43 /* ViewController.swift */; };
		95F80F2B1BC0FEA500C0FB43 /* Main.storyboard in Resources */ = {isa = PBXBuildFile; fileRef = 95F80F291BC0FEA500C0FB43 /* Main.storyboard */; };
		95F80F2D1BC0FEA500C0FB43 /* Assets.xcassets in Resources */ = {isa = PBXBuildFile; fileRef = 95F80F2C1BC0FEA500C0FB43 /* Assets.xcassets */; };
		95F80F301BC0FEA500C0FB43 /* LaunchScreen.storyboard in Resources */ = {isa = PBXBuildFile; fileRef = 95F80F2E1BC0FEA500C0FB43 /* LaunchScreen.storyboard */; };
/* End PBXBuildFile section */

/* Begin PBXFileReference section */
		95DADB2A1BD83EE300419AC8 /* ADScreenCapture.swift */ = {isa = PBXFileReference; fileEncoding = 4; lastKnownFileType = sourcecode.swift; path = ADScreenCapture.swift; sourceTree = "<group>"; };
		95DADB2C1BD83EE300419AC8 /* _FBTweakArrayViewController.h */ = {isa = PBXFileReference; fileEncoding = 4; lastKnownFileType = sourcecode.c.h; path = _FBTweakArrayViewController.h; sourceTree = "<group>"; };
		95DADB2D1BD83EE300419AC8 /* _FBTweakArrayViewController.m */ = {isa = PBXFileReference; fileEncoding = 4; lastKnownFileType = sourcecode.c.objc; path = _FBTweakArrayViewController.m; sourceTree = "<group>"; };
		95DADB2E1BD83EE300419AC8 /* _FBTweakBindObserver.h */ = {isa = PBXFileReference; fileEncoding = 4; lastKnownFileType = sourcecode.c.h; path = _FBTweakBindObserver.h; sourceTree = "<group>"; };
		95DADB2F1BD83EE300419AC8 /* _FBTweakBindObserver.m */ = {isa = PBXFileReference; fileEncoding = 4; lastKnownFileType = sourcecode.c.objc; path = _FBTweakBindObserver.m; sourceTree = "<group>"; };
		95DADB301BD83EE300419AC8 /* _FBTweakCategoryViewController.h */ = {isa = PBXFileReference; fileEncoding = 4; lastKnownFileType = sourcecode.c.h; path = _FBTweakCategoryViewController.h; sourceTree = "<group>"; };
		95DADB311BD83EE300419AC8 /* _FBTweakCategoryViewController.m */ = {isa = PBXFileReference; fileEncoding = 4; lastKnownFileType = sourcecode.c.objc; path = _FBTweakCategoryViewController.m; sourceTree = "<group>"; };
		95DADB321BD83EE300419AC8 /* _FBTweakCollectionViewController.h */ = {isa = PBXFileReference; fileEncoding = 4; lastKnownFileType = sourcecode.c.h; path = _FBTweakCollectionViewController.h; sourceTree = "<group>"; };
		95DADB331BD83EE300419AC8 /* _FBTweakCollectionViewController.m */ = {isa = PBXFileReference; fileEncoding = 4; lastKnownFileType = sourcecode.c.objc; path = _FBTweakCollectionViewController.m; sourceTree = "<group>"; };
		95DADB341BD83EE300419AC8 /* _FBTweakDictionaryViewController.h */ = {isa = PBXFileReference; fileEncoding = 4; lastKnownFileType = sourcecode.c.h; path = _FBTweakDictionaryViewController.h; sourceTree = "<group>"; };
		95DADB351BD83EE300419AC8 /* _FBTweakDictionaryViewController.m */ = {isa = PBXFileReference; fileEncoding = 4; lastKnownFileType = sourcecode.c.objc; path = _FBTweakDictionaryViewController.m; sourceTree = "<group>"; };
		95DADB361BD83EE300419AC8 /* _FBTweakTableViewCell.h */ = {isa = PBXFileReference; fileEncoding = 4; lastKnownFileType = sourcecode.c.h; path = _FBTweakTableViewCell.h; sourceTree = "<group>"; };
		95DADB371BD83EE300419AC8 /* _FBTweakTableViewCell.m */ = {isa = PBXFileReference; fileEncoding = 4; lastKnownFileType = sourcecode.c.objc; path = _FBTweakTableViewCell.m; sourceTree = "<group>"; };
		95DADB381BD83EE300419AC8 /* FBTweak-Prefix.pch */ = {isa = PBXFileReference; fileEncoding = 4; lastKnownFileType = sourcecode.c.h; path = "FBTweak-Prefix.pch"; sourceTree = "<group>"; };
		95DADB391BD83EE300419AC8 /* FBTweak.h */ = {isa = PBXFileReference; fileEncoding = 4; lastKnownFileType = sourcecode.c.h; path = FBTweak.h; sourceTree = "<group>"; };
		95DADB3A1BD83EE300419AC8 /* FBTweak.m */ = {isa = PBXFileReference; fileEncoding = 4; lastKnownFileType = sourcecode.c.objc; path = FBTweak.m; sourceTree = "<group>"; };
		95DADB3B1BD83EE300419AC8 /* FBTweakCategory.h */ = {isa = PBXFileReference; fileEncoding = 4; lastKnownFileType = sourcecode.c.h; path = FBTweakCategory.h; sourceTree = "<group>"; };
		95DADB3C1BD83EE300419AC8 /* FBTweakCategory.m */ = {isa = PBXFileReference; fileEncoding = 4; lastKnownFileType = sourcecode.c.objc; path = FBTweakCategory.m; sourceTree = "<group>"; };
		95DADB3D1BD83EE300419AC8 /* FBTweakCollection.h */ = {isa = PBXFileReference; fileEncoding = 4; lastKnownFileType = sourcecode.c.h; path = FBTweakCollection.h; sourceTree = "<group>"; };
		95DADB3E1BD83EE300419AC8 /* FBTweakCollection.m */ = {isa = PBXFileReference; fileEncoding = 4; lastKnownFileType = sourcecode.c.objc; path = FBTweakCollection.m; sourceTree = "<group>"; };
		95DADB3F1BD83EE300419AC8 /* FBTweakEnabled.h */ = {isa = PBXFileReference; fileEncoding = 4; lastKnownFileType = sourcecode.c.h; path = FBTweakEnabled.h; sourceTree = "<group>"; };
		95DADB401BD83EE300419AC8 /* FBTweakInline.h */ = {isa = PBXFileReference; fileEncoding = 4; lastKnownFileType = sourcecode.c.h; path = FBTweakInline.h; sourceTree = "<group>"; };
		95DADB411BD83EE300419AC8 /* FBTweakInline.m */ = {isa = PBXFileReference; fileEncoding = 4; lastKnownFileType = sourcecode.c.objc; path = FBTweakInline.m; sourceTree = "<group>"; };
		95DADB421BD83EE300419AC8 /* FBTweakInlineInternal.h */ = {isa = PBXFileReference; fileEncoding = 4; lastKnownFileType = sourcecode.c.h; path = FBTweakInlineInternal.h; sourceTree = "<group>"; };
		95DADB431BD83EE300419AC8 /* FBTweakShakeWindow.h */ = {isa = PBXFileReference; fileEncoding = 4; lastKnownFileType = sourcecode.c.h; path = FBTweakShakeWindow.h; sourceTree = "<group>"; };
		95DADB441BD83EE300419AC8 /* FBTweakShakeWindow.m */ = {isa = PBXFileReference; fileEncoding = 4; lastKnownFileType = sourcecode.c.objc; path = FBTweakShakeWindow.m; sourceTree = "<group>"; };
		95DADB451BD83EE300419AC8 /* FBTweakStore.h */ = {isa = PBXFileReference; fileEncoding = 4; lastKnownFileType = sourcecode.c.h; path = FBTweakStore.h; sourceTree = "<group>"; };
		95DADB461BD83EE300419AC8 /* FBTweakStore.m */ = {isa = PBXFileReference; fileEncoding = 4; lastKnownFileType = sourcecode.c.objc; path = FBTweakStore.m; sourceTree = "<group>"; };
		95DADB471BD83EE300419AC8 /* FBTweakViewController.h */ = {isa = PBXFileReference; fileEncoding = 4; lastKnownFileType = sourcecode.c.h; path = FBTweakViewController.h; sourceTree = "<group>"; };
		95DADB481BD83EE300419AC8 /* FBTweakViewController.m */ = {isa = PBXFileReference; fileEncoding = 4; lastKnownFileType = sourcecode.c.objc; path = FBTweakViewController.m; sourceTree = "<group>"; };
		95DADB491BD83EE300419AC8 /* SubmitBugViewController.swift */ = {isa = PBXFileReference; fileEncoding = 4; lastKnownFileType = sourcecode.swift; path = SubmitBugViewController.swift; sourceTree = "<group>"; };
		95DADB4A1BD83EE300419AC8 /* Tools.swift */ = {isa = PBXFileReference; fileEncoding = 4; lastKnownFileType = sourcecode.swift; path = Tools.swift; sourceTree = "<group>"; };
		95DADB4B1BD83EE300419AC8 /* Tweaks.swift */ = {isa = PBXFileReference; fileEncoding = 4; lastKnownFileType = sourcecode.swift; path = Tweaks.swift; sourceTree = "<group>"; };
		95F80F221BC0FEA500C0FB43 /* Tools Demo.app */ = {isa = PBXFileReference; explicitFileType = wrapper.application; includeInIndex = 0; path = "Tools Demo.app"; sourceTree = BUILT_PRODUCTS_DIR; };
		95F80F251BC0FEA500C0FB43 /* AppDelegate.swift */ = {isa = PBXFileReference; lastKnownFileType = sourcecode.swift; path = AppDelegate.swift; sourceTree = "<group>"; };
		95F80F271BC0FEA500C0FB43 /* ViewController.swift */ = {isa = PBXFileReference; lastKnownFileType = sourcecode.swift; path = ViewController.swift; sourceTree = "<group>"; };
		95F80F2A1BC0FEA500C0FB43 /* Base */ = {isa = PBXFileReference; lastKnownFileType = file.storyboard; name = Base; path = Base.lproj/Main.storyboard; sourceTree = "<group>"; };
		95F80F2C1BC0FEA500C0FB43 /* Assets.xcassets */ = {isa = PBXFileReference; lastKnownFileType = folder.assetcatalog; path = Assets.xcassets; sourceTree = "<group>"; };
		95F80F2F1BC0FEA500C0FB43 /* Base */ = {isa = PBXFileReference; lastKnownFileType = file.storyboard; name = Base; path = Base.lproj/LaunchScreen.storyboard; sourceTree = "<group>"; };
		95F80F311BC0FEA500C0FB43 /* Info.plist */ = {isa = PBXFileReference; lastKnownFileType = text.plist.xml; path = Info.plist; sourceTree = "<group>"; };
		95F80FA61BC102C000C0FB43 /* Tools Demo-Bridging-Header.h */ = {isa = PBXFileReference; lastKnownFileType = sourcecode.c.h; name = "Tools Demo-Bridging-Header.h"; path = "Tools Demo/Tools Demo-Bridging-Header.h"; sourceTree = SOURCE_ROOT; };
/* End PBXFileReference section */

/* Begin PBXFrameworksBuildPhase section */
		95F80F1F1BC0FEA500C0FB43 /* Frameworks */ = {
			isa = PBXFrameworksBuildPhase;
			buildActionMask = 2147483647;
			files = (
			);
			runOnlyForDeploymentPostprocessing = 0;
		};
/* End PBXFrameworksBuildPhase section */

/* Begin PBXGroup section */
		95DADB291BD83EE300419AC8 /* Tools */ = {
			isa = PBXGroup;
			children = (
				95DADB2A1BD83EE300419AC8 /* ADScreenCapture.swift */,
				95DADB2B1BD83EE300419AC8 /* FBTweaks */,
				95DADB491BD83EE300419AC8 /* SubmitBugViewController.swift */,
				95DADB4A1BD83EE300419AC8 /* Tools.swift */,
				95DADB4B1BD83EE300419AC8 /* Tweaks.swift */,
			);
			path = Tools;
			sourceTree = SOURCE_ROOT;
		};
		95DADB2B1BD83EE300419AC8 /* FBTweaks */ = {
			isa = PBXGroup;
			children = (
				95DADB2C1BD83EE300419AC8 /* _FBTweakArrayViewController.h */,
				95DADB2D1BD83EE300419AC8 /* _FBTweakArrayViewController.m */,
				95DADB2E1BD83EE300419AC8 /* _FBTweakBindObserver.h */,
				95DADB2F1BD83EE300419AC8 /* _FBTweakBindObserver.m */,
				95DADB301BD83EE300419AC8 /* _FBTweakCategoryViewController.h */,
				95DADB311BD83EE300419AC8 /* _FBTweakCategoryViewController.m */,
				95DADB321BD83EE300419AC8 /* _FBTweakCollectionViewController.h */,
				95DADB331BD83EE300419AC8 /* _FBTweakCollectionViewController.m */,
				95DADB341BD83EE300419AC8 /* _FBTweakDictionaryViewController.h */,
				95DADB351BD83EE300419AC8 /* _FBTweakDictionaryViewController.m */,
				95DADB361BD83EE300419AC8 /* _FBTweakTableViewCell.h */,
				95DADB371BD83EE300419AC8 /* _FBTweakTableViewCell.m */,
				95DADB381BD83EE300419AC8 /* FBTweak-Prefix.pch */,
				95DADB391BD83EE300419AC8 /* FBTweak.h */,
				95DADB3A1BD83EE300419AC8 /* FBTweak.m */,
				95DADB3B1BD83EE300419AC8 /* FBTweakCategory.h */,
				95DADB3C1BD83EE300419AC8 /* FBTweakCategory.m */,
				95DADB3D1BD83EE300419AC8 /* FBTweakCollection.h */,
				95DADB3E1BD83EE300419AC8 /* FBTweakCollection.m */,
				95DADB3F1BD83EE300419AC8 /* FBTweakEnabled.h */,
				95DADB401BD83EE300419AC8 /* FBTweakInline.h */,
				95DADB411BD83EE300419AC8 /* FBTweakInline.m */,
				95DADB421BD83EE300419AC8 /* FBTweakInlineInternal.h */,
				95DADB431BD83EE300419AC8 /* FBTweakShakeWindow.h */,
				95DADB441BD83EE300419AC8 /* FBTweakShakeWindow.m */,
				95DADB451BD83EE300419AC8 /* FBTweakStore.h */,
				95DADB461BD83EE300419AC8 /* FBTweakStore.m */,
				95DADB471BD83EE300419AC8 /* FBTweakViewController.h */,
				95DADB481BD83EE300419AC8 /* FBTweakViewController.m */,
			);
			path = FBTweaks;
			sourceTree = "<group>";
		};
		95F80F191BC0FEA500C0FB43 = {
			isa = PBXGroup;
			children = (
				95F80F241BC0FEA500C0FB43 /* Tools Demo */,
				95F80F231BC0FEA500C0FB43 /* Products */,
			);
			sourceTree = "<group>";
		};
		95F80F231BC0FEA500C0FB43 /* Products */ = {
			isa = PBXGroup;
			children = (
				95F80F221BC0FEA500C0FB43 /* Tools Demo.app */,
			);
			name = Products;
			sourceTree = "<group>";
		};
		95F80F241BC0FEA500C0FB43 /* Tools Demo */ = {
			isa = PBXGroup;
			children = (
				95DADB291BD83EE300419AC8 /* Tools */,
				95F80F251BC0FEA500C0FB43 /* AppDelegate.swift */,
				95F80F271BC0FEA500C0FB43 /* ViewController.swift */,
				95F80FA61BC102C000C0FB43 /* Tools Demo-Bridging-Header.h */,
				95F80F291BC0FEA500C0FB43 /* Main.storyboard */,
				95F80F2C1BC0FEA500C0FB43 /* Assets.xcassets */,
				95F80F2E1BC0FEA500C0FB43 /* LaunchScreen.storyboard */,
				95F80F311BC0FEA500C0FB43 /* Info.plist */,
			);
			path = "Tools Demo";
			sourceTree = "<group>";
		};
/* End PBXGroup section */

/* Begin PBXNativeTarget section */
		95F80F211BC0FEA500C0FB43 /* Tools Demo */ = {
			isa = PBXNativeTarget;
			buildConfigurationList = 95F80F341BC0FEA500C0FB43 /* Build configuration list for PBXNativeTarget "Tools Demo" */;
			buildPhases = (
				95F80F1E1BC0FEA500C0FB43 /* Sources */,
				95F80F1F1BC0FEA500C0FB43 /* Frameworks */,
				95F80F201BC0FEA500C0FB43 /* Resources */,
			);
			buildRules = (
			);
			dependencies = (
			);
			name = "Tools Demo";
			productName = "Tools Demo";
			productReference = 95F80F221BC0FEA500C0FB43 /* Tools Demo.app */;
			productType = "com.apple.product-type.application";
		};
/* End PBXNativeTarget section */

/* Begin PBXProject section */
		95F80F1A1BC0FEA500C0FB43 /* Project object */ = {
			isa = PBXProject;
			attributes = {
				LastSwiftUpdateCheck = 0700;
				LastUpgradeCheck = 0700;
				ORGANIZATIONNAME = "Dennis Fedorko";
				TargetAttributes = {
					95F80F211BC0FEA500C0FB43 = {
						CreatedOnToolsVersion = 7.0.1;
					};
				};
			};
			buildConfigurationList = 95F80F1D1BC0FEA500C0FB43 /* Build configuration list for PBXProject "Tools Demo" */;
			compatibilityVersion = "Xcode 3.2";
			developmentRegion = English;
			hasScannedForEncodings = 0;
			knownRegions = (
				en,
				Base,
			);
			mainGroup = 95F80F191BC0FEA500C0FB43;
			productRefGroup = 95F80F231BC0FEA500C0FB43 /* Products */;
			projectDirPath = "";
			projectRoot = "";
			targets = (
				95F80F211BC0FEA500C0FB43 /* Tools Demo */,
			);
		};
/* End PBXProject section */

/* Begin PBXResourcesBuildPhase section */
		95F80F201BC0FEA500C0FB43 /* Resources */ = {
			isa = PBXResourcesBuildPhase;
			buildActionMask = 2147483647;
			files = (
				95F80F301BC0FEA500C0FB43 /* LaunchScreen.storyboard in Resources */,
				95F80F2D1BC0FEA500C0FB43 /* Assets.xcassets in Resources */,
				95F80F2B1BC0FEA500C0FB43 /* Main.storyboard in Resources */,
			);
			runOnlyForDeploymentPostprocessing = 0;
		};
/* End PBXResourcesBuildPhase section */

/* Begin PBXSourcesBuildPhase section */
		95F80F1E1BC0FEA500C0FB43 /* Sources */ = {
			isa = PBXSourcesBuildPhase;
			buildActionMask = 2147483647;
			files = (
				95DADB531BD83EE300419AC8 /* FBTweak.m in Sources */,
				95DADB571BD83EE300419AC8 /* FBTweakShakeWindow.m in Sources */,
				95DADB501BD83EE300419AC8 /* _FBTweakCollectionViewController.m in Sources */,
				95DADB551BD83EE300419AC8 /* FBTweakCollection.m in Sources */,
				95DADB511BD83EE300419AC8 /* _FBTweakDictionaryViewController.m in Sources */,
				95DADB591BD83EE300419AC8 /* FBTweakViewController.m in Sources */,
				95DADB5A1BD83EE300419AC8 /* SubmitBugViewController.swift in Sources */,
				95DADB581BD83EE300419AC8 /* FBTweakStore.m in Sources */,
				95DADB541BD83EE300419AC8 /* FBTweakCategory.m in Sources */,
				95DADB4F1BD83EE300419AC8 /* _FBTweakCategoryViewController.m in Sources */,
				95F80F281BC0FEA500C0FB43 /* ViewController.swift in Sources */,
				95DADB5C1BD83EE300419AC8 /* Tweaks.swift in Sources */,
				95DADB561BD83EE300419AC8 /* FBTweakInline.m in Sources */,
				95DADB4E1BD83EE300419AC8 /* _FBTweakBindObserver.m in Sources */,
				95DADB521BD83EE300419AC8 /* _FBTweakTableViewCell.m in Sources */,
				95DADB4D1BD83EE300419AC8 /* _FBTweakArrayViewController.m in Sources */,
				95DADB5B1BD83EE300419AC8 /* Tools.swift in Sources */,
				95F80F261BC0FEA500C0FB43 /* AppDelegate.swift in Sources */,
				95DADB4C1BD83EE300419AC8 /* ADScreenCapture.swift in Sources */,
			);
			runOnlyForDeploymentPostprocessing = 0;
		};
/* End PBXSourcesBuildPhase section */

/* Begin PBXVariantGroup section */
		95F80F291BC0FEA500C0FB43 /* Main.storyboard */ = {
			isa = PBXVariantGroup;
			children = (
				95F80F2A1BC0FEA500C0FB43 /* Base */,
			);
			name = Main.storyboard;
			sourceTree = "<group>";
		};
		95F80F2E1BC0FEA500C0FB43 /* LaunchScreen.storyboard */ = {
			isa = PBXVariantGroup;
			children = (
				95F80F2F1BC0FEA500C0FB43 /* Base */,
			);
			name = LaunchScreen.storyboard;
			sourceTree = "<group>";
		};
/* End PBXVariantGroup section */

/* Begin XCBuildConfiguration section */
		95F80F321BC0FEA500C0FB43 /* Debug */ = {
			isa = XCBuildConfiguration;
			buildSettings = {
				ALWAYS_SEARCH_USER_PATHS = NO;
				CLANG_CXX_LANGUAGE_STANDARD = "gnu++0x";
				CLANG_CXX_LIBRARY = "libc++";
				CLANG_ENABLE_MODULES = YES;
				CLANG_ENABLE_OBJC_ARC = YES;
				CLANG_WARN_BOOL_CONVERSION = YES;
				CLANG_WARN_CONSTANT_CONVERSION = YES;
				CLANG_WARN_DIRECT_OBJC_ISA_USAGE = YES_ERROR;
				CLANG_WARN_EMPTY_BODY = YES;
				CLANG_WARN_ENUM_CONVERSION = YES;
				CLANG_WARN_INT_CONVERSION = YES;
				CLANG_WARN_OBJC_ROOT_CLASS = YES_ERROR;
				CLANG_WARN_UNREACHABLE_CODE = YES;
				CLANG_WARN__DUPLICATE_METHOD_MATCH = YES;
				"CODE_SIGN_IDENTITY[sdk=iphoneos*]" = "iPhone Developer";
				COPY_PHASE_STRIP = NO;
				DEBUG_INFORMATION_FORMAT = dwarf;
				ENABLE_STRICT_OBJC_MSGSEND = YES;
				ENABLE_TESTABILITY = YES;
				GCC_C_LANGUAGE_STANDARD = gnu99;
				GCC_DYNAMIC_NO_PIC = NO;
				GCC_NO_COMMON_BLOCKS = YES;
				GCC_OPTIMIZATION_LEVEL = 0;
				GCC_PREPROCESSOR_DEFINITIONS = (
					"DEBUG=1",
					"$(inherited)",
				);
				GCC_WARN_64_TO_32_BIT_CONVERSION = YES;
				GCC_WARN_ABOUT_RETURN_TYPE = YES_ERROR;
				GCC_WARN_UNDECLARED_SELECTOR = YES;
				GCC_WARN_UNINITIALIZED_AUTOS = YES_AGGRESSIVE;
				GCC_WARN_UNUSED_FUNCTION = YES;
				GCC_WARN_UNUSED_VARIABLE = YES;
				IPHONEOS_DEPLOYMENT_TARGET = 9.0;
				MTL_ENABLE_DEBUG_INFO = YES;
				ONLY_ACTIVE_ARCH = YES;
				SDKROOT = iphoneos;
				SWIFT_OPTIMIZATION_LEVEL = "-Onone";
			};
			name = Debug;
		};
		95F80F331BC0FEA500C0FB43 /* Release */ = {
			isa = XCBuildConfiguration;
			buildSettings = {
				ALWAYS_SEARCH_USER_PATHS = NO;
				CLANG_CXX_LANGUAGE_STANDARD = "gnu++0x";
				CLANG_CXX_LIBRARY = "libc++";
				CLANG_ENABLE_MODULES = YES;
				CLANG_ENABLE_OBJC_ARC = YES;
				CLANG_WARN_BOOL_CONVERSION = YES;
				CLANG_WARN_CONSTANT_CONVERSION = YES;
				CLANG_WARN_DIRECT_OBJC_ISA_USAGE = YES_ERROR;
				CLANG_WARN_EMPTY_BODY = YES;
				CLANG_WARN_ENUM_CONVERSION = YES;
				CLANG_WARN_INT_CONVERSION = YES;
				CLANG_WARN_OBJC_ROOT_CLASS = YES_ERROR;
				CLANG_WARN_UNREACHABLE_CODE = YES;
				CLANG_WARN__DUPLICATE_METHOD_MATCH = YES;
				"CODE_SIGN_IDENTITY[sdk=iphoneos*]" = "iPhone Developer";
				COPY_PHASE_STRIP = NO;
				DEBUG_INFORMATION_FORMAT = "dwarf-with-dsym";
				ENABLE_NS_ASSERTIONS = NO;
				ENABLE_STRICT_OBJC_MSGSEND = YES;
				GCC_C_LANGUAGE_STANDARD = gnu99;
				GCC_NO_COMMON_BLOCKS = YES;
				GCC_WARN_64_TO_32_BIT_CONVERSION = YES;
				GCC_WARN_ABOUT_RETURN_TYPE = YES_ERROR;
				GCC_WARN_UNDECLARED_SELECTOR = YES;
				GCC_WARN_UNINITIALIZED_AUTOS = YES_AGGRESSIVE;
				GCC_WARN_UNUSED_FUNCTION = YES;
				GCC_WARN_UNUSED_VARIABLE = YES;
				IPHONEOS_DEPLOYMENT_TARGET = 9.0;
				MTL_ENABLE_DEBUG_INFO = NO;
				SDKROOT = iphoneos;
				VALIDATE_PRODUCT = YES;
			};
			name = Release;
		};
		95F80F351BC0FEA500C0FB43 /* Debug */ = {
			isa = XCBuildConfiguration;
			buildSettings = {
				ASSETCATALOG_COMPILER_APPICON_NAME = AppIcon;
				CLANG_ENABLE_MODULES = YES;
				INFOPLIST_FILE = "Tools Demo/Info.plist";
				IPHONEOS_DEPLOYMENT_TARGET = 8.0;
				LD_RUNPATH_SEARCH_PATHS = "$(inherited) @executable_path/Frameworks";
				PRODUCT_BUNDLE_IDENTIFIER = "DennisFedorko.Tools-Demo";
				PRODUCT_NAME = "$(TARGET_NAME)";
				SWIFT_OBJC_BRIDGING_HEADER = "Tools Demo/Tools Demo-Bridging-Header.h";
				SWIFT_OPTIMIZATION_LEVEL = "-Onone";
			};
			name = Debug;
		};
		95F80F361BC0FEA500C0FB43 /* Release */ = {
			isa = XCBuildConfiguration;
			buildSettings = {
				ASSETCATALOG_COMPILER_APPICON_NAME = AppIcon;
				CLANG_ENABLE_MODULES = YES;
				INFOPLIST_FILE = "Tools Demo/Info.plist";
				IPHONEOS_DEPLOYMENT_TARGET = 8.0;
				LD_RUNPATH_SEARCH_PATHS = "$(inherited) @executable_path/Frameworks";
				PRODUCT_BUNDLE_IDENTIFIER = "DennisFedorko.Tools-Demo";
				PRODUCT_NAME = "$(TARGET_NAME)";
				SWIFT_OBJC_BRIDGING_HEADER = "Tools Demo/Tools Demo-Bridging-Header.h";
			};
			name = Release;
		};
/* End XCBuildConfiguration section */

/* Begin XCConfigurationList section */
		95F80F1D1BC0FEA500C0FB43 /* Build configuration list for PBXProject "Tools Demo" */ = {
			isa = XCConfigurationList;
			buildConfigurations = (
				95F80F321BC0FEA500C0FB43 /* Debug */,
				95F80F331BC0FEA500C0FB43 /* Release */,
			);
			defaultConfigurationIsVisible = 0;
			defaultConfigurationName = Release;
		};
		95F80F341BC0FEA500C0FB43 /* Build configuration list for PBXNativeTarget "Tools Demo" */ = {
			isa = XCConfigurationList;
			buildConfigurations = (
				95F80F351BC0FEA500C0FB43 /* Debug */,
				95F80F361BC0FEA500C0FB43 /* Release */,
			);
			defaultConfigurationIsVisible = 0;
			defaultConfigurationName = Release;
		};
/* End XCConfigurationList section */
	};
	rootObject = 95F80F1A1BC0FEA500C0FB43 /* Project object */;
}
